
Microsoft Visual Studio Solution File, Format Version 12.00
# Visual Studio Version 17
VisualStudioVersion = 17.7.34221.43
MinimumVisualStudioVersion = 10.0.40219.1
Project("{FAE04EC0-301F-11D3-BF4B-00C04F79EFBC}") = "Exercise1", "Exercise1\Exercise1.csproj", "{B8EDA452-3E23-4E31-963C-C390EBF1EDEE}"
EndProject
Project("{FAE04EC0-301F-11D3-BF4B-00C04F79EFBC}") = "Exercise2", "Exercise2\Exercise2.csproj", "{6502C835-BD31-464E-93E9-7735B222E7D1}"
EndProject
Global
	GlobalSection(SolutionConfigurationPlatforms) = preSolution
		Debug|Any CPU = Debug|Any CPU
		Release|Any CPU = Release|Any CPU
	EndGlobalSection
	GlobalSection(ProjectConfigurationPlatforms) = postSolution
		{B8EDA452-3E23-4E31-963C-C390EBF1EDEE}.Debug|Any CPU.ActiveCfg = Debug|Any CPU
		{B8EDA452-3E23-4E31-963C-C390EBF1EDEE}.Debug|Any CPU.Build.0 = Debug|Any CPU
		{B8EDA452-3E23-4E31-963C-C390EBF1EDEE}.Release|Any CPU.ActiveCfg = Release|Any CPU
		{B8EDA452-3E23-4E31-963C-C390EBF1EDEE}.Release|Any CPU.Build.0 = Release|Any CPU
		{6502C835-BD31-464E-93E9-7735B222E7D1}.Debug|Any CPU.ActiveCfg = Debug|Any CPU
		{6502C835-BD31-464E-93E9-7735B222E7D1}.Debug|Any CPU.Build.0 = Debug|Any CPU
		{6502C835-BD31-464E-93E9-7735B222E7D1}.Release|Any CPU.ActiveCfg = Release|Any CPU
		{6502C835-BD31-464E-93E9-7735B222E7D1}.Release|Any CPU.Build.0 = Release|Any CPU
	EndGlobalSection
	GlobalSection(SolutionProperties) = preSolution
		HideSolutionNode = FALSE
	EndGlobalSection
	GlobalSection(ExtensibilityGlobals) = postSolution
		SolutionGuid = {193B21F7-4AC1-40A0-A0F0-1F003CA226C4}
	EndGlobalSection
EndGlobal
