
Microsoft Visual Studio Solution File, Format Version 12.00
# Visual Studio Version 17
VisualStudioVersion = 17.7.34221.43
MinimumVisualStudioVersion = 10.0.40219.1
Project("{FAE04EC0-301F-11D3-BF4B-00C04F79EFBC}") = "Exercise1", "Exercise1\Exercise1.csproj", "{505135D2-EF8D-4026-B4B8-B757D15D8FE8}"
EndProject
Global
	GlobalSection(SolutionConfigurationPlatforms) = preSolution
		Debug|Any CPU = Debug|Any CPU
		Release|Any CPU = Release|Any CPU
	EndGlobalSection
	GlobalSection(ProjectConfigurationPlatforms) = postSolution
		{505135D2-EF8D-4026-B4B8-B757D15D8FE8}.Debug|Any CPU.ActiveCfg = Debug|Any CPU
		{505135D2-EF8D-4026-B4B8-B757D15D8FE8}.Debug|Any CPU.Build.0 = Debug|Any CPU
		{505135D2-EF8D-4026-B4B8-B757D15D8FE8}.Release|Any CPU.ActiveCfg = Release|Any CPU
		{505135D2-EF8D-4026-B4B8-B757D15D8FE8}.Release|Any CPU.Build.0 = Release|Any CPU
	EndGlobalSection
	GlobalSection(SolutionProperties) = preSolution
		HideSolutionNode = FALSE
	EndGlobalSection
	GlobalSection(ExtensibilityGlobals) = postSolution
		SolutionGuid = {C584D78A-830F-4B46-98C5-D1E589A0D3EE}
	EndGlobalSection
EndGlobal
