
Microsoft Visual Studio Solution File, Format Version 12.00
# Visual Studio Version 17
VisualStudioVersion = 17.7.34024.191
MinimumVisualStudioVersion = 10.0.40219.1
Project("{FAE04EC0-301F-11D3-BF4B-00C04F79EFBC}") = "Exersixe1", "Exersixe1.csproj", "{978DF7AD-9A20-4615-9450-9001BDAA9623}"
EndProject
Project("{FAE04EC0-301F-11D3-BF4B-00C04F79EFBC}") = "Exersice2", "..\Exersice2\Exersice2.csproj", "{7B92BEF9-519E-4992-9FBE-CCF5CC801D00}"
EndProject
Project("{FAE04EC0-301F-11D3-BF4B-00C04F79EFBC}") = "Exersice3", "..\Exersice3\Exersice3.csproj", "{351AB995-66EB-4D25-8A23-81AC488E9BC8}"
EndProject
Project("{FAE04EC0-301F-11D3-BF4B-00C04F79EFBC}") = "Exercise4", "..\Exercise4\Exercise4.csproj", "{43D25FCA-3CD4-42C2-B8D2-083B8CA6C47B}"
EndProject
Project("{FAE04EC0-301F-11D3-BF4B-00C04F79EFBC}") = "Exercise5", "..\Exercise5\Exercise5.csproj", "{127C8FA9-24F5-4F59-AD75-85E913749069}"
EndProject
Project("{FAE04EC0-301F-11D3-BF4B-00C04F79EFBC}") = "Exercise6", "..\Exercise6\Exercise6.csproj", "{8B39011B-0ECB-46AF-B3F7-060A9AB0CBFF}"
EndProject
Project("{FAE04EC0-301F-11D3-BF4B-00C04F79EFBC}") = "Exercise7a", "..\Exercise7a\Exercise7a.csproj", "{D9374C90-3C61-4B6B-BA67-1E323A4BC80E}"
EndProject
Global
	GlobalSection(SolutionConfigurationPlatforms) = preSolution
		Debug|Any CPU = Debug|Any CPU
		Release|Any CPU = Release|Any CPU
	EndGlobalSection
	GlobalSection(ProjectConfigurationPlatforms) = postSolution
		{978DF7AD-9A20-4615-9450-9001BDAA9623}.Debug|Any CPU.ActiveCfg = Debug|Any CPU
		{978DF7AD-9A20-4615-9450-9001BDAA9623}.Debug|Any CPU.Build.0 = Debug|Any CPU
		{978DF7AD-9A20-4615-9450-9001BDAA9623}.Release|Any CPU.ActiveCfg = Release|Any CPU
		{978DF7AD-9A20-4615-9450-9001BDAA9623}.Release|Any CPU.Build.0 = Release|Any CPU
		{7B92BEF9-519E-4992-9FBE-CCF5CC801D00}.Debug|Any CPU.ActiveCfg = Debug|Any CPU
		{7B92BEF9-519E-4992-9FBE-CCF5CC801D00}.Debug|Any CPU.Build.0 = Debug|Any CPU
		{7B92BEF9-519E-4992-9FBE-CCF5CC801D00}.Release|Any CPU.ActiveCfg = Release|Any CPU
		{7B92BEF9-519E-4992-9FBE-CCF5CC801D00}.Release|Any CPU.Build.0 = Release|Any CPU
		{351AB995-66EB-4D25-8A23-81AC488E9BC8}.Debug|Any CPU.ActiveCfg = Debug|Any CPU
		{351AB995-66EB-4D25-8A23-81AC488E9BC8}.Debug|Any CPU.Build.0 = Debug|Any CPU
		{351AB995-66EB-4D25-8A23-81AC488E9BC8}.Release|Any CPU.ActiveCfg = Release|Any CPU
		{351AB995-66EB-4D25-8A23-81AC488E9BC8}.Release|Any CPU.Build.0 = Release|Any CPU
		{43D25FCA-3CD4-42C2-B8D2-083B8CA6C47B}.Debug|Any CPU.ActiveCfg = Debug|Any CPU
		{43D25FCA-3CD4-42C2-B8D2-083B8CA6C47B}.Debug|Any CPU.Build.0 = Debug|Any CPU
		{43D25FCA-3CD4-42C2-B8D2-083B8CA6C47B}.Release|Any CPU.ActiveCfg = Release|Any CPU
		{43D25FCA-3CD4-42C2-B8D2-083B8CA6C47B}.Release|Any CPU.Build.0 = Release|Any CPU
		{127C8FA9-24F5-4F59-AD75-85E913749069}.Debug|Any CPU.ActiveCfg = Debug|Any CPU
		{127C8FA9-24F5-4F59-AD75-85E913749069}.Debug|Any CPU.Build.0 = Debug|Any CPU
		{127C8FA9-24F5-4F59-AD75-85E913749069}.Release|Any CPU.ActiveCfg = Release|Any CPU
		{127C8FA9-24F5-4F59-AD75-85E913749069}.Release|Any CPU.Build.0 = Release|Any CPU
		{8B39011B-0ECB-46AF-B3F7-060A9AB0CBFF}.Debug|Any CPU.ActiveCfg = Debug|Any CPU
		{8B39011B-0ECB-46AF-B3F7-060A9AB0CBFF}.Debug|Any CPU.Build.0 = Debug|Any CPU
		{8B39011B-0ECB-46AF-B3F7-060A9AB0CBFF}.Release|Any CPU.ActiveCfg = Release|Any CPU
		{8B39011B-0ECB-46AF-B3F7-060A9AB0CBFF}.Release|Any CPU.Build.0 = Release|Any CPU
		{D9374C90-3C61-4B6B-BA67-1E323A4BC80E}.Debug|Any CPU.ActiveCfg = Debug|Any CPU
		{D9374C90-3C61-4B6B-BA67-1E323A4BC80E}.Debug|Any CPU.Build.0 = Debug|Any CPU
		{D9374C90-3C61-4B6B-BA67-1E323A4BC80E}.Release|Any CPU.ActiveCfg = Release|Any CPU
		{D9374C90-3C61-4B6B-BA67-1E323A4BC80E}.Release|Any CPU.Build.0 = Release|Any CPU
	EndGlobalSection
	GlobalSection(SolutionProperties) = preSolution
		HideSolutionNode = FALSE
	EndGlobalSection
	GlobalSection(ExtensibilityGlobals) = postSolution
		SolutionGuid = {B37AEC20-5064-4475-9726-C9861C7D5971}
	EndGlobalSection
EndGlobal
